
Microsoft Visual Studio Solution File, Format Version 12.00
# Visual Studio Version 16
VisualStudioVersion = 16.0.31025.194
MinimumVisualStudioVersion = 10.0.40219.1
Project("{FAE04EC0-301F-11D3-BF4B-00C04F79EFBC}") = "GroupProject", "GroupProject\GroupProject.csproj", "{120E8E4A-7D98-42FF-82AB-654ADC90A3A9}"
EndProject
Global
	GlobalSection(SolutionConfigurationPlatforms) = preSolution
		Debug|Any CPU = Debug|Any CPU
		Release|Any CPU = Release|Any CPU
	EndGlobalSection
	GlobalSection(ProjectConfigurationPlatforms) = postSolution
		{120E8E4A-7D98-42FF-82AB-654ADC90A3A9}.Debug|Any CPU.ActiveCfg = Debug|Any CPU
		{120E8E4A-7D98-42FF-82AB-654ADC90A3A9}.Debug|Any CPU.Build.0 = Debug|Any CPU
		{120E8E4A-7D98-42FF-82AB-654ADC90A3A9}.Release|Any CPU.ActiveCfg = Release|Any CPU
		{120E8E4A-7D98-42FF-82AB-654ADC90A3A9}.Release|Any CPU.Build.0 = Release|Any CPU
	EndGlobalSection
	GlobalSection(SolutionProperties) = preSolution
		HideSolutionNode = FALSE
	EndGlobalSection
	GlobalSection(ExtensibilityGlobals) = postSolution
		SolutionGuid = {69A8878D-5A25-42FF-9A00-E150F88AD1E0}
	EndGlobalSection
EndGlobal
